<?xml version="1.0" encoding="utf-8"?>
<Project ToolsVersion="4.0" xmlns="http://schemas.microsoft.com/developer/msbuild/2003">
  <ItemGroup>
    <ClCompile Include="ABAI.cpp" />
    <ClCompile Include="BitBoard.cpp" />
    <ClCompile Include="Engines.cpp" />
    <ClCompile Include="Evaluation.cpp" />
    <ClCompile Include="GameState.cpp" />
    <ClCompile Include="IO.cpp" />
    <ClCompile Include="Main.cpp" />
    <ClCompile Include="MCAI.cpp" />
    <ClCompile Include="Move.cpp" />
    <ClCompile Include="stdafx.cpp" />
    <ClCompile Include="Test.cpp" />
    <ClCompile Include="TranspositionTable.cpp" />
  </ItemGroup>
  <ItemGroup>
    <ClInclude Include="ABAI.h" />
    <ClInclude Include="BitBoard.h" />
    <ClInclude Include="Engines.h" />
    <ClInclude Include="Evaluation.h" />
    <ClInclude Include="GameState.h" />
    <ClInclude Include="IO.h" />
    <ClInclude Include="MCAI.h" />
    <ClInclude Include="Move.h" />
    <ClInclude Include="Settings.h" />
    <ClInclude Include="stdafx.h" />
    <ClInclude Include="targetver.h" />
    <ClInclude Include="Test.h" />
    <ClInclude Include="TranspositionTable.h" />
  </ItemGroup>
  <ItemGroup>
    <None Include="packages.config" />
  </ItemGroup>
  <ItemGroup>
    <Text Include="ReadMe.txt" />
  </ItemGroup>
</Project>